
Microsoft Visual Studio Solution File, Format Version 12.00
# Visual Studio Version 17
VisualStudioVersion = 17.3.32929.385
MinimumVisualStudioVersion = 10.0.40219.1
Project("{9A19103F-16F7-4668-BE54-9A1E7A4F7556}") = "CheckPasswordsApp", "ConsoleApp1\CheckPasswordsApp.csproj", "{CC316203-8593-494A-B2C1-753023C5940C}"
EndProject
Global
	GlobalSection(SolutionConfigurationPlatforms) = preSolution
		Debug|Any CPU = Debug|Any CPU
		Release|Any CPU = Release|Any CPU
	EndGlobalSection
	GlobalSection(ProjectConfigurationPlatforms) = postSolution
		{CC316203-8593-494A-B2C1-753023C5940C}.Debug|Any CPU.ActiveCfg = Debug|Any CPU
		{CC316203-8593-494A-B2C1-753023C5940C}.Debug|Any CPU.Build.0 = Debug|Any CPU
		{CC316203-8593-494A-B2C1-753023C5940C}.Release|Any CPU.ActiveCfg = Release|Any CPU
		{CC316203-8593-494A-B2C1-753023C5940C}.Release|Any CPU.Build.0 = Release|Any CPU
	EndGlobalSection
	GlobalSection(SolutionProperties) = preSolution
		HideSolutionNode = FALSE
	EndGlobalSection
	GlobalSection(ExtensibilityGlobals) = postSolution
		SolutionGuid = {418E6870-5B87-473B-BC93-50D22B26C745}
	EndGlobalSection
EndGlobal
